
Microsoft Visual Studio Solution File, Format Version 12.00
# Visual Studio Version 16
VisualStudioVersion = 16.0.31005.135
MinimumVisualStudioVersion = 10.0.40219.1
Project("{FAE04EC0-301F-11D3-BF4B-00C04F79EFBC}") = "Hang Man Lite - 1", "Hang Man Lite - 1\Hang Man Lite - 1.csproj", "{599D45CF-2623-4D74-85D7-DC78E31F5136}"
EndProject
Global
	GlobalSection(SolutionConfigurationPlatforms) = preSolution
		Debug|Any CPU = Debug|Any CPU
		Release|Any CPU = Release|Any CPU
	EndGlobalSection
	GlobalSection(ProjectConfigurationPlatforms) = postSolution
		{599D45CF-2623-4D74-85D7-DC78E31F5136}.Debug|Any CPU.ActiveCfg = Debug|Any CPU
		{599D45CF-2623-4D74-85D7-DC78E31F5136}.Debug|Any CPU.Build.0 = Debug|Any CPU
		{599D45CF-2623-4D74-85D7-DC78E31F5136}.Release|Any CPU.ActiveCfg = Release|Any CPU
		{599D45CF-2623-4D74-85D7-DC78E31F5136}.Release|Any CPU.Build.0 = Release|Any CPU
	EndGlobalSection
	GlobalSection(SolutionProperties) = preSolution
		HideSolutionNode = FALSE
	EndGlobalSection
	GlobalSection(ExtensibilityGlobals) = postSolution
		SolutionGuid = {03D2C715-D954-4177-9C1F-FBDECC574C25}
	EndGlobalSection
EndGlobal
